schema: '2.0'
stages:
  prepare:
    cmd: python src/prepare.py data/data.xml
    deps:
    - path: data/data.xml
      md5: 5f989ddfb0659cb4e459bff625f6cf76
      size: 8388608
    - path: src/prepare.py
      md5: f09ea0c15980b43010257ccb9f0055e2
      size: 1576
    params:
      params.yaml:
        prepare.seed: 20170428
        prepare.split: 0.3
    outs:
    - path: data/prepared
      md5: 5ea6c2b4326c8326fac7df8852def0ca.dir
      size: 4908418
      nfiles: 2
  featurize:
    cmd: python src/featurization.py data/prepared data/features
    deps:
    - path: data/prepared
      md5: 5ea6c2b4326c8326fac7df8852def0ca.dir
      size: 4908418
      nfiles: 2
    - path: src/featurization.py
      md5: e0265fc22f056a4b86d85c3056bc2894
      size: 2490
    params:
      params.yaml:
        featurize.max_features: 100
        featurize.ngrams: 1
    outs:
    - path: data/features
      md5: e4dcf77158688e63c58aec1aeacc9c0d.dir
      size: 911600
      nfiles: 2
  train:
    cmd: python src/train.py data/features model.pkl
    deps:
    - path: data/features
      md5: e4dcf77158688e63c58aec1aeacc9c0d.dir
      size: 911600
      nfiles: 2
    - path: src/train.py
      md5: c3961d777cfbd7727f9fde4851896006
      size: 967
    params:
      params.yaml:
        train.min_split: 0.01
        train.n_est: 50
        train.seed: 20170428
    outs:
    - path: model.pkl
      md5: 9728d8bd16f0eb37c9be28f84424e9d4
      size: 1396160
  evaluate:
    cmd: python src/evaluate.py model.pkl data/features
    deps:
    - path: data/features
      md5: e4dcf77158688e63c58aec1aeacc9c0d.dir
      size: 911600
      nfiles: 2
    - path: model.pkl
      md5: 9728d8bd16f0eb37c9be28f84424e9d4
      size: 1396160
    - path: src/evaluate.py
      md5: e538db1a5c3bb59f954b642fb7d2af1e
      size: 3304
    outs:
    - path: eval/importance.png
      md5: d8eb43f4a81024c1d391d245cfdbacf2
      size: 29012
    - path: eval/live/metrics.json
      md5: 36b697850a1a777a7411ee7962f124ba
      size: 204
    - path: eval/live/plots
      md5: 5aa95d88efa6861fccc010dfb5239e51.dir
      size: 478835
      nfiles: 4
    - path: eval/prc
      md5: 35e52437756e6a403c593fadac0da72e.dir
      size: 282641
      nfiles: 2
